
Microsoft Visual Studio Solution File, Format Version 12.00
# Visual Studio Version 16
VisualStudioVersion = 16.0.29123.88
MinimumVisualStudioVersion = 10.0.40219.1
Project("{FAE04EC0-301F-11D3-BF4B-00C04F79EFBC}") = "Cw2", "Cw2\Cw2.csproj", "{A37A6865-7A37-4ECA-9B8B-2D54DC500AE2}"
EndProject
Global
	GlobalSection(SolutionConfigurationPlatforms) = preSolution
		Debug|Any CPU = Debug|Any CPU
		Release|Any CPU = Release|Any CPU
	EndGlobalSection
	GlobalSection(ProjectConfigurationPlatforms) = postSolution
		{A37A6865-7A37-4ECA-9B8B-2D54DC500AE2}.Debug|Any CPU.ActiveCfg = Debug|Any CPU
		{A37A6865-7A37-4ECA-9B8B-2D54DC500AE2}.Debug|Any CPU.Build.0 = Debug|Any CPU
		{A37A6865-7A37-4ECA-9B8B-2D54DC500AE2}.Release|Any CPU.ActiveCfg = Release|Any CPU
		{A37A6865-7A37-4ECA-9B8B-2D54DC500AE2}.Release|Any CPU.Build.0 = Release|Any CPU
	EndGlobalSection
	GlobalSection(SolutionProperties) = preSolution
		HideSolutionNode = FALSE
	EndGlobalSection
	GlobalSection(ExtensibilityGlobals) = postSolution
		SolutionGuid = {DA78B354-BCC1-4671-82A3-41A43B0E200E}
	EndGlobalSection
EndGlobal
